{
  "name": "typescript-api-project",
  "version": "1.0.0",
  "lockfileVersion": 3,
  "requires": true,
  "packages": {
    "": {
      "name": "typescript-api-project",
      "version": "1.0.0",
      "license": "MIT",
      "dependencies": {
        "@antv/data-set": "^1.0.1",
        "express": "^4.21.2"
      }
    },
    "node_modules/@antv/data-set": {
      "version": "1.1.0",
      "resolved": "https://registry.npmjs.org/@antv/data-set/-/data-set-1.1.0.tgz"
    }
  }
}
